// !$*UTF8*$!
{
	archiveVersion = 1;
	classes = {
	};
	objectVersion = 48;
	objects = {

/* Begin PBXBuildFile section */
		4D849BAC203AEEB000AC336F /* AppDelegate.swift in Sources */ = {isa = PBXBuildFile; fileRef = 4D849BAB203AEEB000AC336F /* AppDelegate.swift */; };
		4D849BAE203AEEB000AC336F /* ViewController.swift in Sources */ = {isa = PBXBuildFile; fileRef = 4D849BAD203AEEB000AC336F /* ViewController.swift */; };
		4D849BB1203AEEB000AC336F /* Main.storyboard in Resources */ = {isa = PBXBuildFile; fileRef = 4D849BAF203AEEB000AC336F /* Main.storyboard */; };
		4D849BB3203AEEB000AC336F /* Assets.xcassets in Resources */ = {isa = PBXBuildFile; fileRef = 4D849BB2203AEEB000AC336F /* Assets.xcassets */; };
		4D849BB6203AEEB000AC336F /* LaunchScreen.storyboard in Resources */ = {isa = PBXBuildFile; fileRef = 4D849BB4203AEEB000AC336F /* LaunchScreen.storyboard */; };
/* End PBXBuildFile section */

/* Begin PBXFileReference section */
		4D849BA8203AEEB000AC336F /* UITextView.app */ = {isa = PBXFileReference; explicitFileType = wrapper.application; includeInIndex = 0; path = UITextView.app; sourceTree = BUILT_PRODUCTS_DIR; };
		4D849BAB203AEEB000AC336F /* AppDelegate.swift */ = {isa = PBXFileReference; lastKnownFileType = sourcecode.swift; path = AppDelegate.swift; sourceTree = "<group>"; };
		4D849BAD203AEEB000AC336F /* ViewController.swift */ = {isa = PBXFileReference; lastKnownFileType = sourcecode.swift; path = ViewController.swift; sourceTree = "<group>"; };
		4D849BB0203AEEB000AC336F /* Base */ = {isa = PBXFileReference; lastKnownFileType = file.storyboard; name = Base; path = Base.lproj/Main.storyboard; sourceTree = "<group>"; };
		4D849BB2203AEEB000AC336F /* Assets.xcassets */ = {isa = PBXFileReference; lastKnownFileType = folder.assetcatalog; path = Assets.xcassets; sourceTree = "<group>"; };
		4D849BB5203AEEB000AC336F /* Base */ = {isa = PBXFileReference; lastKnownFileType = file.storyboard; name = Base; path = Base.lproj/LaunchScreen.storyboard; sourceTree = "<group>"; };
		4D849BB7203AEEB000AC336F /* Info.plist */ = {isa = PBXFileReference; lastKnownFileType = text.plist.xml; path = Info.plist; sourceTree = "<group>"; };
/* End PBXFileReference section */

/* Begin PBXFrameworksBuildPhase section */
		4D849BA5203AEEB000AC336F /* Frameworks */ = {
			isa = PBXFrameworksBuildPhase;
			buildActionMask = 2147483647;
			files = (
			);
			runOnlyForDeploymentPostprocessing = 0;
		};
/* End PBXFrameworksBuildPhase section */

/* Begin PBXGroup section */
		4D849B9F203AEEB000AC336F = {
			isa = PBXGroup;
			children = (
				4D849BAA203AEEB000AC336F /* UITextView */,
				4D849BA9203AEEB000AC336F /* Products */,
			);
			sourceTree = "<group>";
		};
		4D849BA9203AEEB000AC336F /* Products */ = {
			isa = PBXGroup;
			children = (
				4D849BA8203AEEB000AC336F /* UITextView.app */,
			);
			name = Products;
			sourceTree = "<group>";
		};
		4D849BAA203AEEB000AC336F /* UITextView */ = {
			isa = PBXGroup;
			children = (
				4D849BAB203AEEB000AC336F /* AppDelegate.swift */,
				4D849BAD203AEEB000AC336F /* ViewController.swift */,
				4D849BAF203AEEB000AC336F /* Main.storyboard */,
				4D849BB2203AEEB000AC336F /* Assets.xcassets */,
				4D849BB4203AEEB000AC336F /* LaunchScreen.storyboard */,
				4D849BB7203AEEB000AC336F /* Info.plist */,
			);
			path = UITextView;
			sourceTree = "<group>";
		};
/* End PBXGroup section */

/* Begin PBXNativeTarget section */
		4D849BA7203AEEB000AC336F /* UITextView */ = {
			isa = PBXNativeTarget;
			buildConfigurationList = 4D849BBA203AEEB000AC336F /* Build configuration list for PBXNativeTarget "UITextView" */;
			buildPhases = (
				4D849BA4203AEEB000AC336F /* Sources */,
				4D849BA5203AEEB000AC336F /* Frameworks */,
				4D849BA6203AEEB000AC336F /* Resources */,
			);
			buildRules = (
			);
			dependencies = (
			);
			name = UITextView;
			productName = UITextView;
			productReference = 4D849BA8203AEEB000AC336F /* UITextView.app */;
			productType = "com.apple.product-type.application";
		};
/* End PBXNativeTarget section */

/* Begin PBXProject section */
		4D849BA0203AEEB000AC336F /* Project object */ = {
			isa = PBXProject;
			attributes = {
				LastSwiftUpdateCheck = 0920;
				LastUpgradeCheck = 0920;
				ORGANIZATIONNAME = ahmedHigherVisibility;
				TargetAttributes = {
					4D849BA7203AEEB000AC336F = {
						CreatedOnToolsVersion = 9.2;
						ProvisioningStyle = Automatic;
					};
				};
			};
			buildConfigurationList = 4D849BA3203AEEB000AC336F /* Build configuration list for PBXProject "UITextView" */;
			compatibilityVersion = "Xcode 8.0";
			developmentRegion = en;
			hasScannedForEncodings = 0;
			knownRegions = (
				en,
				Base,
			);
			mainGroup = 4D849B9F203AEEB000AC336F;
			productRefGroup = 4D849BA9203AEEB000AC336F /* Products */;
			projectDirPath = "";
			projectRoot = "";
			targets = (
				4D849BA7203AEEB000AC336F /* UITextView */,
			);
		};
/* End PBXProject section */

/* Begin PBXResourcesBuildPhase section */
		4D849BA6203AEEB000AC336F /* Resources */ = {
			isa = PBXResourcesBuildPhase;
			buildActionMask = 2147483647;
			files = (
				4D849BB6203AEEB000AC336F /* LaunchScreen.storyboard in Resources */,
				4D849BB3203AEEB000AC336F /* Assets.xcassets in Resources */,
				4D849BB1203AEEB000AC336F /* Main.storyboard in Resources */,
			);
			runOnlyForDeploymentPostprocessing = 0;
		};
/* End PBXResourcesBuildPhase section */

/* Begin PBXSourcesBuildPhase section */
		4D849BA4203AEEB000AC336F /* Sources */ = {
			isa = PBXSourcesBuildPhase;
			buildActionMask = 2147483647;
			files = (
				4D849BAE203AEEB000AC336F /* ViewController.swift in Sources */,
				4D849BAC203AEEB000AC336F /* AppDelegate.swift in Sources */,
			);
			runOnlyForDeploymentPostprocessing = 0;
		};
/* End PBXSourcesBuildPhase section */

/* Begin PBXVariantGroup section */
		4D849BAF203AEEB000AC336F /* Main.storyboard */ = {
			isa = PBXVariantGroup;
			children = (
				4D849BB0203AEEB000AC336F /* Base */,
			);
			name = Main.storyboard;
			sourceTree = "<group>";
		};
		4D849BB4203AEEB000AC336F /* LaunchScreen.storyboard */ = {
			isa = PBXVariantGroup;
			children = (
				4D849BB5203AEEB000AC336F /* Base */,
			);
			name = LaunchScreen.storyboard;
			sourceTree = "<group>";
		};
/* End PBXVariantGroup section */

/* Begin XCBuildConfiguration section */
		4D849BB8203AEEB000AC336F /* Debug */ = {
			isa = XCBuildConfiguration;
			buildSettings = {
				ALWAYS_SEARCH_USER_PATHS = NO;
				CLANG_ANALYZER_NONNULL = YES;
				CLANG_ANALYZER_NUMBER_OBJECT_CONVERSION = YES_AGGRESSIVE;
				CLANG_CXX_LANGUAGE_STANDARD = "gnu++14";
				CLANG_CXX_LIBRARY = "libc++";
				CLANG_ENABLE_MODULES = YES;
				CLANG_ENABLE_OBJC_ARC = YES;
				CLANG_WARN_BLOCK_CAPTURE_AUTORELEASING = YES;
				CLANG_WARN_BOOL_CONVERSION = YES;
				CLANG_WARN_COMMA = YES;
				CLANG_WARN_CONSTANT_CONVERSION = YES;
				CLANG_WARN_DIRECT_OBJC_ISA_USAGE = YES_ERROR;
				CLANG_WARN_DOCUMENTATION_COMMENTS = YES;
				CLANG_WARN_EMPTY_BODY = YES;
				CLANG_WARN_ENUM_CONVERSION = YES;
				CLANG_WARN_INFINITE_RECURSION = YES;
				CLANG_WARN_INT_CONVERSION = YES;
				CLANG_WARN_NON_LITERAL_NULL_CONVERSION = YES;
				CLANG_WARN_OBJC_LITERAL_CONVERSION = YES;
				CLANG_WARN_OBJC_ROOT_CLASS = YES_ERROR;
				CLANG_WARN_RANGE_LOOP_ANALYSIS = YES;
				CLANG_WARN_STRICT_PROTOTYPES = YES;
				CLANG_WARN_SUSPICIOUS_MOVE = YES;
				CLANG_WARN_UNGUARDED_AVAILABILITY = YES_AGGRESSIVE;
				CLANG_WARN_UNREACHABLE_CODE = YES;
				CLANG_WARN__DUPLICATE_METHOD_MATCH = YES;
				CODE_SIGN_IDENTITY = "iPhone Developer";
				COPY_PHASE_STRIP = NO;
				DEBUG_INFORMATION_FORMAT = dwarf;
				ENABLE_STRICT_OBJC_MSGSEND = YES;
				ENABLE_TESTABILITY = YES;
				GCC_C_LANGUAGE_STANDARD = gnu11;
				GCC_DYNAMIC_NO_PIC = NO;
				GCC_NO_COMMON_BLOCKS = YES;
				GCC_OPTIMIZATION_LEVEL = 0;
				GCC_PREPROCESSOR_DEFINITIONS = (
					"DEBUG=1",
					"$(inherited)",
				);
				GCC_WARN_64_TO_32_BIT_CONVERSION = YES;
				GCC_WARN_ABOUT_RETURN_TYPE = YES_ERROR;
				GCC_WARN_UNDECLARED_SELECTOR = YES;
				GCC_WARN_UNINITIALIZED_AUTOS = YES_AGGRESSIVE;
				GCC_WARN_UNUSED_FUNCTION = YES;
				GCC_WARN_UNUSED_VARIABLE = YES;
				IPHONEOS_DEPLOYMENT_TARGET = 11.2;
				MTL_ENABLE_DEBUG_INFO = YES;
				ONLY_ACTIVE_ARCH = YES;
				SDKROOT = iphoneos;
				SWIFT_ACTIVE_COMPILATION_CONDITIONS = DEBUG;
				SWIFT_OPTIMIZATION_LEVEL = "-Onone";
			};
			name = Debug;
		};
		4D849BB9203AEEB000AC336F /* Release */ = {
			isa = XCBuildConfiguration;
			buildSettings = {
				ALWAYS_SEARCH_USER_PATHS = NO;
				CLANG_ANALYZER_NONNULL = YES;
				CLANG_ANALYZER_NUMBER_OBJECT_CONVERSION = YES_AGGRESSIVE;
				CLANG_CXX_LANGUAGE_STANDARD = "gnu++14";
				CLANG_CXX_LIBRARY = "libc++";
				CLANG_ENABLE_MODULES = YES;
				CLANG_ENABLE_OBJC_ARC = YES;
				CLANG_WARN_BLOCK_CAPTURE_AUTORELEASING = YES;
				CLANG_WARN_BOOL_CONVERSION = YES;
				CLANG_WARN_COMMA = YES;
				CLANG_WARN_CONSTANT_CONVERSION = YES;
				CLANG_WARN_DIRECT_OBJC_ISA_USAGE = YES_ERROR;
				CLANG_WARN_DOCUMENTATION_COMMENTS = YES;
				CLANG_WARN_EMPTY_BODY = YES;
				CLANG_WARN_ENUM_CONVERSION = YES;
				CLANG_WARN_INFINITE_RECURSION = YES;
				CLANG_WARN_INT_CONVERSION = YES;
				CLANG_WARN_NON_LITERAL_NULL_CONVERSION = YES;
				CLANG_WARN_OBJC_LITERAL_CONVERSION = YES;
				CLANG_WARN_OBJC_ROOT_CLASS = YES_ERROR;
				CLANG_WARN_RANGE_LOOP_ANALYSIS = YES;
				CLANG_WARN_STRICT_PROTOTYPES = YES;
				CLANG_WARN_SUSPICIOUS_MOVE = YES;
				CLANG_WARN_UNGUARDED_AVAILABILITY = YES_AGGRESSIVE;
				CLANG_WARN_UNREACHABLE_CODE = YES;
				CLANG_WARN__DUPLICATE_METHOD_MATCH = YES;
				CODE_SIGN_IDENTITY = "iPhone Developer";
				COPY_PHASE_STRIP = NO;
				DEBUG_INFORMATION_FORMAT = "dwarf-with-dsym";
				ENABLE_NS_ASSERTIONS = NO;
				ENABLE_STRICT_OBJC_MSGSEND = YES;
				GCC_C_LANGUAGE_STANDARD = gnu11;
				GCC_NO_COMMON_BLOCKS = YES;
				GCC_WARN_64_TO_32_BIT_CONVERSION = YES;
				GCC_WARN_ABOUT_RETURN_TYPE = YES_ERROR;
				GCC_WARN_UNDECLARED_SELECTOR = YES;
				GCC_WARN_UNINITIALIZED_AUTOS = YES_AGGRESSIVE;
				GCC_WARN_UNUSED_FUNCTION = YES;
				GCC_WARN_UNUSED_VARIABLE = YES;
				IPHONEOS_DEPLOYMENT_TARGET = 11.2;
				MTL_ENABLE_DEBUG_INFO = NO;
				SDKROOT = iphoneos;
				SWIFT_OPTIMIZATION_LEVEL = "-Owholemodule";
				VALIDATE_PRODUCT = YES;
			};
			name = Release;
		};
		4D849BBB203AEEB000AC336F /* Debug */ = {
			isa = XCBuildConfiguration;
			buildSettings = {
				ASSETCATALOG_COMPILER_APPICON_NAME = AppIcon;
				CODE_SIGN_STYLE = Automatic;
				DEVELOPMENT_TEAM = 8GWSL85966;
				INFOPLIST_FILE = UITextView/Info.plist;
				LD_RUNPATH_SEARCH_PATHS = "$(inherited) @executable_path/Frameworks";
				PRODUCT_BUNDLE_IDENTIFIER = com.HigherVisibility.UITextView;
				PRODUCT_NAME = "$(TARGET_NAME)";
				SWIFT_VERSION = 4.0;
				TARGETED_DEVICE_FAMILY = "1,2";
			};
			name = Debug;
		};
		4D849BBC203AEEB000AC336F /* Release */ = {
			isa = XCBuildConfiguration;
			buildSettings = {
				ASSETCATALOG_COMPILER_APPICON_NAME = AppIcon;
				CODE_SIGN_STYLE = Automatic;
				DEVELOPMENT_TEAM = 8GWSL85966;
				INFOPLIST_FILE = UITextView/Info.plist;
				LD_RUNPATH_SEARCH_PATHS = "$(inherited) @executable_path/Frameworks";
				PRODUCT_BUNDLE_IDENTIFIER = com.HigherVisibility.UITextView;
				PRODUCT_NAME = "$(TARGET_NAME)";
				SWIFT_VERSION = 4.0;
				TARGETED_DEVICE_FAMILY = "1,2";
			};
			name = Release;
		};
/* End XCBuildConfiguration section */

/* Begin XCConfigurationList section */
		4D849BA3203AEEB000AC336F /* Build configuration list for PBXProject "UITextView" */ = {
			isa = XCConfigurationList;
			buildConfigurations = (
				4D849BB8203AEEB000AC336F /* Debug */,
				4D849BB9203AEEB000AC336F /* Release */,
			);
			defaultConfigurationIsVisible = 0;
			defaultConfigurationName = Release;
		};
		4D849BBA203AEEB000AC336F /* Build configuration list for PBXNativeTarget "UITextView" */ = {
			isa = XCConfigurationList;
			buildConfigurations = (
				4D849BBB203AEEB000AC336F /* Debug */,
				4D849BBC203AEEB000AC336F /* Release */,
			);
			defaultConfigurationIsVisible = 0;
			defaultConfigurationName = Release;
		};
/* End XCConfigurationList section */
	};
	rootObject = 4D849BA0203AEEB000AC336F /* Project object */;
}
